// !$*UTF8*$!
{
	archiveVersion = 1;
	classes = {
	};
	objectVersion = 56;
	objects = {

/* Begin PBXBuildFile section */
		BF0000000000000000000001 /* VimaiHitRiseApp.swift in Sources */ = {isa = PBXBuildFile; fileRef = FR0000000000000000000001 /* VimaiHitRiseApp.swift */; };
		BF0000000000000000000002 /* TrainingModels.swift in Sources */ = {isa = PBXBuildFile; fileRef = FR0000000000000000000002 /* TrainingModels.swift */; };
		BF0000000000000000000003 /* CloudModels.swift in Sources */ = {isa = PBXBuildFile; fileRef = FR0000000000000000000003 /* CloudModels.swift */; };
		BF0000000000000000000004 /* AppConfig.swift in Sources */ = {isa = PBXBuildFile; fileRef = FR0000000000000000000004 /* AppConfig.swift */; };
		BF0000000000000000000005 /* LocalIdentityStore.swift in Sources */ = {isa = PBXBuildFile; fileRef = FR0000000000000000000005 /* LocalIdentityStore.swift */; };
		BF0000000000000000000006 /* SensorBallBLEManager.swift in Sources */ = {isa = PBXBuildFile; fileRef = FR0000000000000000000006 /* SensorBallBLEManager.swift */; };
		BF0000000000000000000007 /* TrainingSessionController.swift in Sources */ = {isa = PBXBuildFile; fileRef = FR0000000000000000000007 /* TrainingSessionController.swift */; };
		BF0000000000000000000008 /* HitRiseAPIClient.swift in Sources */ = {isa = PBXBuildFile; fileRef = FR0000000000000000000008 /* HitRiseAPIClient.swift */; };
		BF0000000000000000000009 /* AppViewModel.swift in Sources */ = {isa = PBXBuildFile; fileRef = FR0000000000000000000009 /* AppViewModel.swift */; };
		BF0000000000000000000010 /* ContentView.swift in Sources */ = {isa = PBXBuildFile; fileRef = FR0000000000000000000010 /* ContentView.swift */; };
		BF0000000000000000000011 /* TrainingDashboardView.swift in Sources */ = {isa = PBXBuildFile; fileRef = FR0000000000000000000011 /* TrainingDashboardView.swift */; };
		BF0000000000000000000012 /* DeviceView.swift in Sources */ = {isa = PBXBuildFile; fileRef = FR0000000000000000000012 /* DeviceView.swift */; };
		BF0000000000000000000013 /* CloudCenterView.swift in Sources */ = {isa = PBXBuildFile; fileRef = FR0000000000000000000013 /* CloudCenterView.swift */; };
		BF0000000000000000000014 /* SettingsView.swift in Sources */ = {isa = PBXBuildFile; fileRef = FR0000000000000000000014 /* SettingsView.swift */; };
		BF0000000000000000000015 /* LegalCopy.swift in Sources */ = {isa = PBXBuildFile; fileRef = FR0000000000000000000015 /* LegalCopy.swift */; };
		BF0000000000000000000016 /* PrivacyInfo.xcprivacy in Resources */ = {isa = PBXBuildFile; fileRef = FR0000000000000000000016 /* PrivacyInfo.xcprivacy */; };
		BF0000000000000000000017 /* SensorBallBLEManagerTests.swift in Sources */ = {isa = PBXBuildFile; fileRef = FR0000000000000000000017 /* SensorBallBLEManagerTests.swift */; };
		BF0000000000000000000018 /* TrainingSessionControllerTests.swift in Sources */ = {isa = PBXBuildFile; fileRef = FR0000000000000000000018 /* TrainingSessionControllerTests.swift */; };
		BF0000000000000000000019 /* Assets.xcassets in Resources */ = {isa = PBXBuildFile; fileRef = FR0000000000000000000022 /* Assets.xcassets */; };
/* End PBXBuildFile section */

/* Begin PBXContainerItemProxy section */
		CP0000000000000000000001 /* PBXContainerItemProxy */ = {
			isa = PBXContainerItemProxy;
			containerPortal = PR0000000000000000000001 /* Project object */;
			proxyType = 1;
			remoteGlobalIDString = TG0000000000000000000001;
			remoteInfo = VimaiHitRise;
		};
/* End PBXContainerItemProxy section */

/* Begin PBXFileReference section */
		FR0000000000000000000001 /* VimaiHitRiseApp.swift */ = {isa = PBXFileReference; lastKnownFileType = sourcecode.swift; path = VimaiHitRiseApp.swift; sourceTree = "<group>"; };
		FR0000000000000000000002 /* TrainingModels.swift */ = {isa = PBXFileReference; lastKnownFileType = sourcecode.swift; path = TrainingModels.swift; sourceTree = "<group>"; };
		FR0000000000000000000003 /* CloudModels.swift */ = {isa = PBXFileReference; lastKnownFileType = sourcecode.swift; path = CloudModels.swift; sourceTree = "<group>"; };
		FR0000000000000000000004 /* AppConfig.swift */ = {isa = PBXFileReference; lastKnownFileType = sourcecode.swift; path = AppConfig.swift; sourceTree = "<group>"; };
		FR0000000000000000000005 /* LocalIdentityStore.swift */ = {isa = PBXFileReference; lastKnownFileType = sourcecode.swift; path = LocalIdentityStore.swift; sourceTree = "<group>"; };
		FR0000000000000000000006 /* SensorBallBLEManager.swift */ = {isa = PBXFileReference; lastKnownFileType = sourcecode.swift; path = SensorBallBLEManager.swift; sourceTree = "<group>"; };
		FR0000000000000000000007 /* TrainingSessionController.swift */ = {isa = PBXFileReference; lastKnownFileType = sourcecode.swift; path = TrainingSessionController.swift; sourceTree = "<group>"; };
		FR0000000000000000000008 /* HitRiseAPIClient.swift */ = {isa = PBXFileReference; lastKnownFileType = sourcecode.swift; path = HitRiseAPIClient.swift; sourceTree = "<group>"; };
		FR0000000000000000000009 /* AppViewModel.swift */ = {isa = PBXFileReference; lastKnownFileType = sourcecode.swift; path = AppViewModel.swift; sourceTree = "<group>"; };
		FR0000000000000000000010 /* ContentView.swift */ = {isa = PBXFileReference; lastKnownFileType = sourcecode.swift; path = ContentView.swift; sourceTree = "<group>"; };
		FR0000000000000000000011 /* TrainingDashboardView.swift */ = {isa = PBXFileReference; lastKnownFileType = sourcecode.swift; path = TrainingDashboardView.swift; sourceTree = "<group>"; };
		FR0000000000000000000012 /* DeviceView.swift */ = {isa = PBXFileReference; lastKnownFileType = sourcecode.swift; path = DeviceView.swift; sourceTree = "<group>"; };
		FR0000000000000000000013 /* CloudCenterView.swift */ = {isa = PBXFileReference; lastKnownFileType = sourcecode.swift; path = CloudCenterView.swift; sourceTree = "<group>"; };
		FR0000000000000000000014 /* SettingsView.swift */ = {isa = PBXFileReference; lastKnownFileType = sourcecode.swift; path = SettingsView.swift; sourceTree = "<group>"; };
		FR0000000000000000000015 /* LegalCopy.swift */ = {isa = PBXFileReference; lastKnownFileType = sourcecode.swift; path = LegalCopy.swift; sourceTree = "<group>"; };
		FR0000000000000000000016 /* PrivacyInfo.xcprivacy */ = {isa = PBXFileReference; lastKnownFileType = text.xml; path = PrivacyInfo.xcprivacy; sourceTree = "<group>"; };
		FR0000000000000000000017 /* SensorBallBLEManagerTests.swift */ = {isa = PBXFileReference; lastKnownFileType = sourcecode.swift; path = SensorBallBLEManagerTests.swift; sourceTree = "<group>"; };
		FR0000000000000000000018 /* TrainingSessionControllerTests.swift */ = {isa = PBXFileReference; lastKnownFileType = sourcecode.swift; path = TrainingSessionControllerTests.swift; sourceTree = "<group>"; };
		FR0000000000000000000019 /* Info.plist */ = {isa = PBXFileReference; lastKnownFileType = text.plist.xml; path = Info.plist; sourceTree = "<group>"; };
		FR0000000000000000000020 /* VimaiHitRise.app */ = {isa = PBXFileReference; explicitFileType = wrapper.application; includeInIndex = 0; path = VimaiHitRise.app; sourceTree = BUILT_PRODUCTS_DIR; };
		FR0000000000000000000021 /* VimaiHitRiseTests.xctest */ = {isa = PBXFileReference; explicitFileType = wrapper.cfbundle; includeInIndex = 0; path = VimaiHitRiseTests.xctest; sourceTree = BUILT_PRODUCTS_DIR; };
		FR0000000000000000000022 /* Assets.xcassets */ = {isa = PBXFileReference; lastKnownFileType = folder.assetcatalog; path = Assets.xcassets; sourceTree = "<group>"; };
/* End PBXFileReference section */

/* Begin PBXFrameworksBuildPhase section */
		FW0000000000000000000001 /* Frameworks */ = {isa = PBXFrameworksBuildPhase; buildActionMask = 2147483647; files = (); runOnlyForDeploymentPostprocessing = 0; };
		FW0000000000000000000002 /* Frameworks */ = {isa = PBXFrameworksBuildPhase; buildActionMask = 2147483647; files = (); runOnlyForDeploymentPostprocessing = 0; };
/* End PBXFrameworksBuildPhase section */

/* Begin PBXGroup section */
		GR0000000000000000000001 = {
			isa = PBXGroup;
			children = (
				GR0000000000000000000004 /* VimaiHitRise */,
				GR0000000000000000000011 /* VimaiHitRiseTests */,
				GR0000000000000000000003 /* Products */,
			);
			sourceTree = "<group>";
		};
		GR0000000000000000000003 /* Products */ = {
			isa = PBXGroup;
			children = (
				FR0000000000000000000020 /* VimaiHitRise.app */,
				FR0000000000000000000021 /* VimaiHitRiseTests.xctest */,
			);
			name = Products;
			sourceTree = "<group>";
		};
		GR0000000000000000000004 /* VimaiHitRise */ = {
			isa = PBXGroup;
			children = (
				GR0000000000000000000005 /* App */,
				GR0000000000000000000006 /* Models */,
				GR0000000000000000000007 /* Services */,
				GR0000000000000000000008 /* ViewModels */,
				GR0000000000000000000009 /* Views */,
				GR0000000000000000000010 /* Resources */,
			);
			path = VimaiHitRise;
			sourceTree = "<group>";
		};
		GR0000000000000000000005 /* App */ = {isa = PBXGroup; children = (FR0000000000000000000001 /* VimaiHitRiseApp.swift */,); path = App; sourceTree = "<group>"; };
		GR0000000000000000000006 /* Models */ = {isa = PBXGroup; children = (FR0000000000000000000002 /* TrainingModels.swift */, FR0000000000000000000003 /* CloudModels.swift */,); path = Models; sourceTree = "<group>"; };
		GR0000000000000000000007 /* Services */ = {isa = PBXGroup; children = (FR0000000000000000000004 /* AppConfig.swift */, FR0000000000000000000005 /* LocalIdentityStore.swift */, FR0000000000000000000006 /* SensorBallBLEManager.swift */, FR0000000000000000000007 /* TrainingSessionController.swift */, FR0000000000000000000008 /* HitRiseAPIClient.swift */,); path = Services; sourceTree = "<group>"; };
		GR0000000000000000000008 /* ViewModels */ = {isa = PBXGroup; children = (FR0000000000000000000009 /* AppViewModel.swift */,); path = ViewModels; sourceTree = "<group>"; };
		GR0000000000000000000009 /* Views */ = {isa = PBXGroup; children = (FR0000000000000000000010 /* ContentView.swift */, FR0000000000000000000011 /* TrainingDashboardView.swift */, FR0000000000000000000012 /* DeviceView.swift */, FR0000000000000000000013 /* CloudCenterView.swift */, FR0000000000000000000014 /* SettingsView.swift */,); path = Views; sourceTree = "<group>"; };
		GR0000000000000000000010 /* Resources */ = {isa = PBXGroup; children = (FR0000000000000000000019 /* Info.plist */, FR0000000000000000000022 /* Assets.xcassets */, FR0000000000000000000016 /* PrivacyInfo.xcprivacy */, FR0000000000000000000015 /* LegalCopy.swift */,); path = Resources; sourceTree = "<group>"; };
		GR0000000000000000000011 /* VimaiHitRiseTests */ = {isa = PBXGroup; children = (FR0000000000000000000017 /* SensorBallBLEManagerTests.swift */, FR0000000000000000000018 /* TrainingSessionControllerTests.swift */,); path = VimaiHitRiseTests; sourceTree = "<group>"; };
/* End PBXGroup section */

/* Begin PBXNativeTarget section */
		TG0000000000000000000001 /* VimaiHitRise */ = {
			isa = PBXNativeTarget;
			buildConfigurationList = CL0000000000000000000002 /* Build configuration list for PBXNativeTarget "VimaiHitRise" */;
			buildPhases = (
				SP0000000000000000000001 /* Sources */,
				FW0000000000000000000001 /* Frameworks */,
				RS0000000000000000000001 /* Resources */,
			);
			buildRules = ();
			dependencies = ();
			name = VimaiHitRise;
			productName = VimaiHitRise;
			productReference = FR0000000000000000000020 /* VimaiHitRise.app */;
			productType = "com.apple.product-type.application";
		};
		TG0000000000000000000002 /* VimaiHitRiseTests */ = {
			isa = PBXNativeTarget;
			buildConfigurationList = CL0000000000000000000003 /* Build configuration list for PBXNativeTarget "VimaiHitRiseTests" */;
			buildPhases = (
				SP0000000000000000000002 /* Sources */,
				FW0000000000000000000002 /* Frameworks */,
				RS0000000000000000000002 /* Resources */,
			);
			buildRules = ();
			dependencies = (
				TD0000000000000000000001 /* PBXTargetDependency */,
			);
			name = VimaiHitRiseTests;
			productName = VimaiHitRiseTests;
			productReference = FR0000000000000000000021 /* VimaiHitRiseTests.xctest */;
			productType = "com.apple.product-type.bundle.unit-test";
		};
/* End PBXNativeTarget section */

/* Begin PBXProject section */
		PR0000000000000000000001 /* Project object */ = {
			isa = PBXProject;
			attributes = {
				BuildIndependentTargetsInParallel = 1;
				LastSwiftUpdateCheck = 1540;
				LastUpgradeCheck = 1540;
				TargetAttributes = {
					TG0000000000000000000001 = {CreatedOnToolsVersion = 15.4; };
					TG0000000000000000000002 = {CreatedOnToolsVersion = 15.4; TestTargetID = TG0000000000000000000001; };
				};
			};
			buildConfigurationList = CL0000000000000000000001 /* Build configuration list for PBXProject "VimaiHitRise" */;
			compatibilityVersion = "Xcode 14.0";
			developmentRegion = "zh-Hans";
			hasScannedForEncodings = 0;
			knownRegions = ("zh-Hans", en, Base);
			mainGroup = GR0000000000000000000001;
			productRefGroup = GR0000000000000000000003 /* Products */;
			projectDirPath = "";
			projectRoot = "";
			targets = (
				TG0000000000000000000001 /* VimaiHitRise */,
				TG0000000000000000000002 /* VimaiHitRiseTests */,
			);
		};
/* End PBXProject section */

/* Begin PBXResourcesBuildPhase section */
		RS0000000000000000000001 /* Resources */ = {isa = PBXResourcesBuildPhase; buildActionMask = 2147483647; files = (BF0000000000000000000019 /* Assets.xcassets in Resources */, BF0000000000000000000016 /* PrivacyInfo.xcprivacy in Resources */,); runOnlyForDeploymentPostprocessing = 0; };
		RS0000000000000000000002 /* Resources */ = {isa = PBXResourcesBuildPhase; buildActionMask = 2147483647; files = (); runOnlyForDeploymentPostprocessing = 0; };
/* End PBXResourcesBuildPhase section */

/* Begin PBXSourcesBuildPhase section */
		SP0000000000000000000001 /* Sources */ = {
			isa = PBXSourcesBuildPhase;
			buildActionMask = 2147483647;
			files = (
				BF0000000000000000000001 /* VimaiHitRiseApp.swift in Sources */,
				BF0000000000000000000002 /* TrainingModels.swift in Sources */,
				BF0000000000000000000003 /* CloudModels.swift in Sources */,
				BF0000000000000000000004 /* AppConfig.swift in Sources */,
				BF0000000000000000000005 /* LocalIdentityStore.swift in Sources */,
				BF0000000000000000000006 /* SensorBallBLEManager.swift in Sources */,
				BF0000000000000000000007 /* TrainingSessionController.swift in Sources */,
				BF0000000000000000000008 /* HitRiseAPIClient.swift in Sources */,
				BF0000000000000000000009 /* AppViewModel.swift in Sources */,
				BF0000000000000000000010 /* ContentView.swift in Sources */,
				BF0000000000000000000011 /* TrainingDashboardView.swift in Sources */,
				BF0000000000000000000012 /* DeviceView.swift in Sources */,
				BF0000000000000000000013 /* CloudCenterView.swift in Sources */,
				BF0000000000000000000014 /* SettingsView.swift in Sources */,
				BF0000000000000000000015 /* LegalCopy.swift in Sources */,
			);
			runOnlyForDeploymentPostprocessing = 0;
		};
		SP0000000000000000000002 /* Sources */ = {isa = PBXSourcesBuildPhase; buildActionMask = 2147483647; files = (BF0000000000000000000017 /* SensorBallBLEManagerTests.swift in Sources */, BF0000000000000000000018 /* TrainingSessionControllerTests.swift in Sources */,); runOnlyForDeploymentPostprocessing = 0; };
/* End PBXSourcesBuildPhase section */

/* Begin PBXTargetDependency section */
		TD0000000000000000000001 /* PBXTargetDependency */ = {isa = PBXTargetDependency; target = TG0000000000000000000001 /* VimaiHitRise */; targetProxy = CP0000000000000000000001 /* PBXContainerItemProxy */; };
/* End PBXTargetDependency section */

/* Begin XCBuildConfiguration section */
		BC0000000000000000000001 /* Debug */ = {
			isa = XCBuildConfiguration;
			buildSettings = {
				ALWAYS_SEARCH_USER_PATHS = NO;
				CLANG_ANALYZER_NONNULL = YES;
				CLANG_ANALYZER_NUMBER_OBJECT_CONVERSION = YES_AGGRESSIVE;
				CLANG_CXX_LANGUAGE_STANDARD = "gnu++20";
				CLANG_ENABLE_MODULES = YES;
				CLANG_ENABLE_OBJC_ARC = YES;
				CLANG_ENABLE_OBJC_WEAK = YES;
				CLANG_WARN_BLOCK_CAPTURE_AUTORELEASING = YES;
				CLANG_WARN_BOOL_CONVERSION = YES;
				CLANG_WARN_COMMA = YES;
				CLANG_WARN_CONSTANT_CONVERSION = YES;
				CLANG_WARN_DEPRECATED_OBJC_IMPLEMENTATIONS = YES;
				CLANG_WARN_DIRECT_OBJC_ISA_USAGE = YES_ERROR;
				CLANG_WARN_DOCUMENTATION_COMMENTS = YES;
				CLANG_WARN_EMPTY_BODY = YES;
				CLANG_WARN_ENUM_CONVERSION = YES;
				CLANG_WARN_INFINITE_RECURSION = YES;
				CLANG_WARN_INT_CONVERSION = YES;
				CLANG_WARN_NON_LITERAL_NULL_CONVERSION = YES;
				CLANG_WARN_OBJC_IMPLICIT_RETAIN_SELF = YES;
				CLANG_WARN_OBJC_LITERAL_CONVERSION = YES;
				CLANG_WARN_OBJC_ROOT_CLASS = YES_ERROR;
				CLANG_WARN_QUOTED_INCLUDE_IN_FRAMEWORK_HEADER = YES;
				CLANG_WARN_RANGE_LOOP_ANALYSIS = YES;
				CLANG_WARN_STRICT_PROTOTYPES = YES;
				CLANG_WARN_SUSPICIOUS_MOVE = YES;
				CLANG_WARN_UNGUARDED_AVAILABILITY = YES_AGGRESSIVE;
				CLANG_WARN_UNREACHABLE_CODE = YES;
				CLANG_WARN__DUPLICATE_METHOD_MATCH = YES;
				COPY_PHASE_STRIP = NO;
				DEBUG_INFORMATION_FORMAT = dwarf;
				ENABLE_STRICT_OBJC_MSGSEND = YES;
				ENABLE_TESTABILITY = YES;
				ENABLE_USER_SCRIPT_SANDBOXING = YES;
				GCC_C_LANGUAGE_STANDARD = gnu17;
				GCC_DYNAMIC_NO_PIC = NO;
				GCC_NO_COMMON_BLOCKS = YES;
				GCC_OPTIMIZATION_LEVEL = 0;
				GCC_PREPROCESSOR_DEFINITIONS = ("DEBUG=1", "$(inherited)");
				GCC_WARN_64_TO_32_BIT_CONVERSION = YES;
				GCC_WARN_ABOUT_RETURN_TYPE = YES_ERROR;
				GCC_WARN_UNDECLARED_SELECTOR = YES;
				GCC_WARN_UNINITIALIZED_AUTOS = YES_AGGRESSIVE;
				GCC_WARN_UNUSED_FUNCTION = YES;
				GCC_WARN_UNUSED_VARIABLE = YES;
				IPHONEOS_DEPLOYMENT_TARGET = 16.0;
				MTL_ENABLE_DEBUG_INFO = INCLUDE_SOURCE;
				MTL_FAST_MATH = YES;
				ONLY_ACTIVE_ARCH = YES;
				SDKROOT = iphoneos;
				SWIFT_ACTIVE_COMPILATION_CONDITIONS = DEBUG;
			};
			name = Debug;
		};
		BC0000000000000000000002 /* Release */ = {
			isa = XCBuildConfiguration;
			buildSettings = {
				ALWAYS_SEARCH_USER_PATHS = NO;
				CLANG_ANALYZER_NONNULL = YES;
				CLANG_ANALYZER_NUMBER_OBJECT_CONVERSION = YES_AGGRESSIVE;
				CLANG_CXX_LANGUAGE_STANDARD = "gnu++20";
				CLANG_ENABLE_MODULES = YES;
				CLANG_ENABLE_OBJC_ARC = YES;
				CLANG_ENABLE_OBJC_WEAK = YES;
				CLANG_WARN_BLOCK_CAPTURE_AUTORELEASING = YES;
				CLANG_WARN_BOOL_CONVERSION = YES;
				CLANG_WARN_COMMA = YES;
				CLANG_WARN_CONSTANT_CONVERSION = YES;
				CLANG_WARN_DEPRECATED_OBJC_IMPLEMENTATIONS = YES;
				CLANG_WARN_DIRECT_OBJC_ISA_USAGE = YES_ERROR;
				CLANG_WARN_DOCUMENTATION_COMMENTS = YES;
				CLANG_WARN_EMPTY_BODY = YES;
				CLANG_WARN_ENUM_CONVERSION = YES;
				CLANG_WARN_INFINITE_RECURSION = YES;
				CLANG_WARN_INT_CONVERSION = YES;
				CLANG_WARN_NON_LITERAL_NULL_CONVERSION = YES;
				CLANG_WARN_OBJC_IMPLICIT_RETAIN_SELF = YES;
				CLANG_WARN_OBJC_LITERAL_CONVERSION = YES;
				CLANG_WARN_OBJC_ROOT_CLASS = YES_ERROR;
				CLANG_WARN_QUOTED_INCLUDE_IN_FRAMEWORK_HEADER = YES;
				CLANG_WARN_RANGE_LOOP_ANALYSIS = YES;
				CLANG_WARN_STRICT_PROTOTYPES = YES;
				CLANG_WARN_SUSPICIOUS_MOVE = YES;
				CLANG_WARN_UNGUARDED_AVAILABILITY = YES_AGGRESSIVE;
				CLANG_WARN_UNREACHABLE_CODE = YES;
				CLANG_WARN__DUPLICATE_METHOD_MATCH = YES;
				COPY_PHASE_STRIP = NO;
				DEBUG_INFORMATION_FORMAT = "dwarf-with-dsym";
				ENABLE_NS_ASSERTIONS = NO;
				ENABLE_STRICT_OBJC_MSGSEND = YES;
				ENABLE_USER_SCRIPT_SANDBOXING = YES;
				GCC_C_LANGUAGE_STANDARD = gnu17;
				GCC_NO_COMMON_BLOCKS = YES;
				GCC_WARN_64_TO_32_BIT_CONVERSION = YES;
				GCC_WARN_ABOUT_RETURN_TYPE = YES_ERROR;
				GCC_WARN_UNDECLARED_SELECTOR = YES;
				GCC_WARN_UNINITIALIZED_AUTOS = YES_AGGRESSIVE;
				GCC_WARN_UNUSED_FUNCTION = YES;
				GCC_WARN_UNUSED_VARIABLE = YES;
				IPHONEOS_DEPLOYMENT_TARGET = 16.0;
				MTL_ENABLE_DEBUG_INFO = NO;
				MTL_FAST_MATH = YES;
				SDKROOT = iphoneos;
				SWIFT_COMPILATION_MODE = wholemodule;
				VALIDATE_PRODUCT = YES;
			};
			name = Release;
		};
		BC0000000000000000000003 /* Debug */ = {
			isa = XCBuildConfiguration;
			buildSettings = {
				ASSETCATALOG_COMPILER_GLOBAL_ACCENT_COLOR_NAME = AccentColor;
				ASSETCATALOG_COMPILER_APPICON_NAME = AppIcon;
				CODE_SIGN_STYLE = Automatic;
				CURRENT_PROJECT_VERSION = 1;
				GENERATE_INFOPLIST_FILE = NO;
				INFOPLIST_FILE = VimaiHitRise/Resources/Info.plist;
				INFOPLIST_KEY_CFBundleDisplayName = "Vimai HitRise";
				IPHONEOS_DEPLOYMENT_TARGET = 16.0;
				MARKETING_VERSION = 1.0.0;
				PRODUCT_BUNDLE_IDENTIFIER = com.zclei.hitrise;
				PRODUCT_NAME = "$(TARGET_NAME)";
				SWIFT_EMIT_LOC_STRINGS = YES;
				SWIFT_VERSION = 5.0;
				TARGETED_DEVICE_FAMILY = "1,2";
			};
			name = Debug;
		};
		BC0000000000000000000004 /* Release */ = {
			isa = XCBuildConfiguration;
			buildSettings = {
				ASSETCATALOG_COMPILER_GLOBAL_ACCENT_COLOR_NAME = AccentColor;
				ASSETCATALOG_COMPILER_APPICON_NAME = AppIcon;
				CODE_SIGN_STYLE = Automatic;
				CURRENT_PROJECT_VERSION = 1;
				GENERATE_INFOPLIST_FILE = NO;
				INFOPLIST_FILE = VimaiHitRise/Resources/Info.plist;
				INFOPLIST_KEY_CFBundleDisplayName = "Vimai HitRise";
				IPHONEOS_DEPLOYMENT_TARGET = 16.0;
				MARKETING_VERSION = 1.0.0;
				PRODUCT_BUNDLE_IDENTIFIER = com.zclei.hitrise;
				PRODUCT_NAME = "$(TARGET_NAME)";
				SWIFT_EMIT_LOC_STRINGS = YES;
				SWIFT_VERSION = 5.0;
				TARGETED_DEVICE_FAMILY = "1,2";
			};
			name = Release;
		};
		BC0000000000000000000005 /* Debug */ = {
			isa = XCBuildConfiguration;
			buildSettings = {
				BUNDLE_LOADER = "$(TEST_HOST)";
				CODE_SIGN_STYLE = Automatic;
				CURRENT_PROJECT_VERSION = 1;
				GENERATE_INFOPLIST_FILE = YES;
				IPHONEOS_DEPLOYMENT_TARGET = 16.0;
				MARKETING_VERSION = 1.0;
				PRODUCT_BUNDLE_IDENTIFIER = com.zclei.hitrise.tests;
				PRODUCT_NAME = "$(TARGET_NAME)";
				SWIFT_VERSION = 5.0;
				TARGETED_DEVICE_FAMILY = "1,2";
				TEST_HOST = "$(BUILT_PRODUCTS_DIR)/VimaiHitRise.app/$(BUNDLE_EXECUTABLE_FOLDER_PATH)/VimaiHitRise";
			};
			name = Debug;
		};
		BC0000000000000000000006 /* Release */ = {
			isa = XCBuildConfiguration;
			buildSettings = {
				BUNDLE_LOADER = "$(TEST_HOST)";
				CODE_SIGN_STYLE = Automatic;
				CURRENT_PROJECT_VERSION = 1;
				GENERATE_INFOPLIST_FILE = YES;
				IPHONEOS_DEPLOYMENT_TARGET = 16.0;
				MARKETING_VERSION = 1.0;
				PRODUCT_BUNDLE_IDENTIFIER = com.zclei.hitrise.tests;
				PRODUCT_NAME = "$(TARGET_NAME)";
				SWIFT_VERSION = 5.0;
				TARGETED_DEVICE_FAMILY = "1,2";
				TEST_HOST = "$(BUILT_PRODUCTS_DIR)/VimaiHitRise.app/$(BUNDLE_EXECUTABLE_FOLDER_PATH)/VimaiHitRise";
			};
			name = Release;
		};
/* End XCBuildConfiguration section */

/* Begin XCConfigurationList section */
		CL0000000000000000000001 /* Build configuration list for PBXProject "VimaiHitRise" */ = {isa = XCConfigurationList; buildConfigurations = (BC0000000000000000000001 /* Debug */, BC0000000000000000000002 /* Release */,); defaultConfigurationIsVisible = 0; defaultConfigurationName = Release; };
		CL0000000000000000000002 /* Build configuration list for PBXNativeTarget "VimaiHitRise" */ = {isa = XCConfigurationList; buildConfigurations = (BC0000000000000000000003 /* Debug */, BC0000000000000000000004 /* Release */,); defaultConfigurationIsVisible = 0; defaultConfigurationName = Release; };
		CL0000000000000000000003 /* Build configuration list for PBXNativeTarget "VimaiHitRiseTests" */ = {isa = XCConfigurationList; buildConfigurations = (BC0000000000000000000005 /* Debug */, BC0000000000000000000006 /* Release */,); defaultConfigurationIsVisible = 0; defaultConfigurationName = Release; };
/* End XCConfigurationList section */
	};
	rootObject = PR0000000000000000000001 /* Project object */;
}
